
Microsoft Visual Studio Solution File, Format Version 12.00
# Visual Studio Version 17
VisualStudioVersion = 17.4.33403.182
MinimumVisualStudioVersion = 10.0.40219.1
Project("{9A19103F-16F7-4668-BE54-9A1E7A4F7556}") = "EzSploitV4-4-", "EzSploitV4-4-.csproj", "{40B9C7B7-274E-4E9A-B4BD-1FC597CB6FEB}"
EndProject
Global
	GlobalSection(SolutionConfigurationPlatforms) = preSolution
		Debug|Any CPU = Debug|Any CPU
		Release|Any CPU = Release|Any CPU
	EndGlobalSection
	GlobalSection(ProjectConfigurationPlatforms) = postSolution
		{40B9C7B7-274E-4E9A-B4BD-1FC597CB6FEB}.Debug|Any CPU.ActiveCfg = Debug|Any CPU
		{40B9C7B7-274E-4E9A-B4BD-1FC597CB6FEB}.Debug|Any CPU.Build.0 = Debug|Any CPU
		{40B9C7B7-274E-4E9A-B4BD-1FC597CB6FEB}.Release|Any CPU.ActiveCfg = Release|Any CPU
		{40B9C7B7-274E-4E9A-B4BD-1FC597CB6FEB}.Release|Any CPU.Build.0 = Release|Any CPU
	EndGlobalSection
	GlobalSection(SolutionProperties) = preSolution
		HideSolutionNode = FALSE
	EndGlobalSection
	GlobalSection(ExtensibilityGlobals) = postSolution
		SolutionGuid = {8396328B-B519-4C16-A03E-4B24CE29E032}
	EndGlobalSection
EndGlobal
