
Microsoft Visual Studio Solution File, Format Version 12.00
# Visual Studio Version 17
VisualStudioVersion = 17.4.33403.182
MinimumVisualStudioVersion = 10.0.40219.1
Project("{FAE04EC0-301F-11D3-BF4B-00C04F79EFBC}") = "EzSploit", "EzSploit\EzSploit.csproj", "{61C87EE6-F3E4-4072-ADF2-37716E812B77}"
EndProject
Global
	GlobalSection(SolutionConfigurationPlatforms) = preSolution
		Debug|Any CPU = Debug|Any CPU
		Release|Any CPU = Release|Any CPU
	EndGlobalSection
	GlobalSection(ProjectConfigurationPlatforms) = postSolution
		{61C87EE6-F3E4-4072-ADF2-37716E812B77}.Debug|Any CPU.ActiveCfg = Debug|Any CPU
		{61C87EE6-F3E4-4072-ADF2-37716E812B77}.Debug|Any CPU.Build.0 = Debug|Any CPU
		{61C87EE6-F3E4-4072-ADF2-37716E812B77}.Release|Any CPU.ActiveCfg = Release|Any CPU
		{61C87EE6-F3E4-4072-ADF2-37716E812B77}.Release|Any CPU.Build.0 = Release|Any CPU
	EndGlobalSection
	GlobalSection(SolutionProperties) = preSolution
		HideSolutionNode = FALSE
	EndGlobalSection
	GlobalSection(ExtensibilityGlobals) = postSolution
		SolutionGuid = {A5535F87-3431-4A27-A529-6E89782064AC}
	EndGlobalSection
EndGlobal
